# THIS IS AN AUTOGENERATED FILE. DO NOT EDIT THIS FILE DIRECTLY.
# yarn lockfile v1


"@module-federation/automatic-vendor-federation@^1.2.1":
  version "1.2.1"
  resolved "https://registry.yarnpkg.com/@module-federation/automatic-vendor-federation/-/automatic-vendor-federation-1.2.1.tgz#22b095ae8c74ca9080f9d287b8ebd8c4a7f9d8c2"
  integrity sha512-73wxkXM7pbRZ6GGM90JP5IPTPvY3fvrhQyTVdMCUx85cQRWqnbzbibcsz3pkOMOeXyYAO4tXXsG13yNaEEGhJA==
  dependencies:
    find-package-json "^1.2.0"

"@module-federation/dashboard-plugin@../dashboard-plugin":
  version "2.1.0"
  dependencies:
    "@module-federation/automatic-vendor-federation" "^1.2.1"
    flatted "^3.0.0"
    node-fetch "^2.6.0"

find-package-json@^1.2.0:
  version "1.2.0"
  resolved "https://registry.yarnpkg.com/find-package-json/-/find-package-json-1.2.0.tgz#4057d1b943f82d8445fe52dc9cf456f6b8b58083"
  integrity sha512-+SOGcLGYDJHtyqHd87ysBhmaeQ95oWspDKnMXBrnQ9Eq4OkLNqejgoaD8xVWu6GPa0B6roa6KinCMEMcVeqONw==

flatted@^3.0.0:
  version "3.1.1"
  resolved "https://registry.yarnpkg.com/flatted/-/flatted-3.1.1.tgz#c4b489e80096d9df1dfc97c79871aea7c617c469"
  integrity sha512-zAoAQiudy+r5SvnSw3KJy5os/oRJYHzrzja/tBDqrZtNhUw8bt6y8OBzMWcjWr+8liV8Eb6yOhw8WZ7VFZ5ZzA==

node-fetch@^2.6.0:
  version "2.6.1"
  resolved "https://registry.yarnpkg.com/node-fetch/-/node-fetch-2.6.1.tgz#045bd323631f76ed2e2b55573394416b639a0052"
  integrity sha512-V4aYg89jEoVRxRb2fJdAg8FHvI7cEyYdVAh94HH0UIK8oJxUfkjlDQN9RbMx+bEjP7+ggMiFRprSti032Oipxw==
